
Microsoft Visual Studio Solution File, Format Version 12.00
# Visual Studio Version 17
VisualStudioVersion = 17.7.34031.279
MinimumVisualStudioVersion = 10.0.40219.1
Project("{FAE04EC0-301F-11D3-BF4B-00C04F79EFBC}") = "DependencyInversionPrinciple", "DependencyInversionPrinciple\DependencyInversionPrinciple.csproj", "{68F37570-A39F-474E-88E7-33A746FEBDCB}"
EndProject
Global
	GlobalSection(SolutionConfigurationPlatforms) = preSolution
		Debug|Any CPU = Debug|Any CPU
		Release|Any CPU = Release|Any CPU
	EndGlobalSection
	GlobalSection(ProjectConfigurationPlatforms) = postSolution
		{68F37570-A39F-474E-88E7-33A746FEBDCB}.Debug|Any CPU.ActiveCfg = Debug|Any CPU
		{68F37570-A39F-474E-88E7-33A746FEBDCB}.Debug|Any CPU.Build.0 = Debug|Any CPU
		{68F37570-A39F-474E-88E7-33A746FEBDCB}.Release|Any CPU.ActiveCfg = Release|Any CPU
		{68F37570-A39F-474E-88E7-33A746FEBDCB}.Release|Any CPU.Build.0 = Release|Any CPU
	EndGlobalSection
	GlobalSection(SolutionProperties) = preSolution
		HideSolutionNode = FALSE
	EndGlobalSection
	GlobalSection(ExtensibilityGlobals) = postSolution
		SolutionGuid = {A73C31FC-EAB1-4C8F-A459-B2440E590C4A}
	EndGlobalSection
EndGlobal
